
Microsoft Visual Studio Solution File, Format Version 12.00
# Visual Studio Version 16
VisualStudioVersion = 16.0.29326.143
MinimumVisualStudioVersion = 10.0.40219.1
Project("{FAE04EC0-301F-11D3-BF4B-00C04F79EFBC}") = "Roadload", "Roadload\Roadload.csproj", "{2E3CF952-E0A2-40DC-B1A8-B80D95B9EF9B}"
EndProject
Project("{FAE04EC0-301F-11D3-BF4B-00C04F79EFBC}") = "Roadload.Tests", "Roadload.Tests\Roadload.Tests.csproj", "{725FE4B1-68AF-4682-969E-6925E2AC9EBF}"
EndProject
Global
	GlobalSection(SolutionConfigurationPlatforms) = preSolution
		Debug|Any CPU = Debug|Any CPU
		Release|Any CPU = Release|Any CPU
	EndGlobalSection
	GlobalSection(ProjectConfigurationPlatforms) = postSolution
		{2E3CF952-E0A2-40DC-B1A8-B80D95B9EF9B}.Debug|Any CPU.ActiveCfg = Debug|Any CPU
		{2E3CF952-E0A2-40DC-B1A8-B80D95B9EF9B}.Debug|Any CPU.Build.0 = Debug|Any CPU
		{2E3CF952-E0A2-40DC-B1A8-B80D95B9EF9B}.Release|Any CPU.ActiveCfg = Release|Any CPU
		{2E3CF952-E0A2-40DC-B1A8-B80D95B9EF9B}.Release|Any CPU.Build.0 = Release|Any CPU
		{725FE4B1-68AF-4682-969E-6925E2AC9EBF}.Debug|Any CPU.ActiveCfg = Debug|Any CPU
		{725FE4B1-68AF-4682-969E-6925E2AC9EBF}.Debug|Any CPU.Build.0 = Debug|Any CPU
		{725FE4B1-68AF-4682-969E-6925E2AC9EBF}.Release|Any CPU.ActiveCfg = Release|Any CPU
		{725FE4B1-68AF-4682-969E-6925E2AC9EBF}.Release|Any CPU.Build.0 = Release|Any CPU
	EndGlobalSection
	GlobalSection(SolutionProperties) = preSolution
		HideSolutionNode = FALSE
	EndGlobalSection
	GlobalSection(ExtensibilityGlobals) = postSolution
		SolutionGuid = {576CD06C-AF6E-4D99-B731-5F51823109D8}
	EndGlobalSection
EndGlobal
